
Microsoft Visual Studio Solution File, Format Version 12.00
# Visual Studio Version 17
VisualStudioVersion = 17.0.31903.59
MinimumVisualStudioVersion = 10.0.40219.1
Project("{2150E333-8FDC-42A3-9474-1A3956D46DE8}") = "src", "src", "{827E0CD3-B72D-47B6-A68D-7590B98EB39B}"
EndProject
Project("{2150E333-8FDC-42A3-9474-1A3956D46DE8}") = "Core", "Core", "{8D626EA8-CB54-BC41-363A-217881BEBA6E}"
EndProject
Project("{FAE04EC0-301F-11D3-BF4B-00C04F79EFBC}") = "QuizFuzz.Domain", "src\Core\QuizFuzz.Domain\QuizFuzz.Domain.csproj", "{9A52344D-CB55-4E20-B726-3BAC644F57CE}"
EndProject
Project("{FAE04EC0-301F-11D3-BF4B-00C04F79EFBC}") = "QuizFuzz.Application", "src\Core\QuizFuzz.Application\QuizFuzz.Application.csproj", "{D1BC0910-62AF-4A2B-9B6B-565B541A5F12}"
EndProject
Project("{2150E333-8FDC-42A3-9474-1A3956D46DE8}") = "Infrastructure", "Infrastructure", "{9048EB7F-3875-A59E-E36B-5BD4C6F2A282}"
EndProject
Project("{FAE04EC0-301F-11D3-BF4B-00C04F79EFBC}") = "QuizFuzz.Infrastructure", "src\Infrastructure\QuizFuzz.Infrastructure\QuizFuzz.Infrastructure.csproj", "{05A24DF7-020A-4DB0-A87B-C92B932E33EC}"
EndProject
Project("{2150E333-8FDC-42A3-9474-1A3956D46DE8}") = "Web", "Web", "{03997797-E7F5-0643-168D-B8EA7178C2FE}"
EndProject
Project("{FAE04EC0-301F-11D3-BF4B-00C04F79EFBC}") = "QuizFuzz.Web.Api", "src\Web\QuizFuzz.Web.Api\QuizFuzz.Web.Api.csproj", "{642745CA-42AC-4975-B6B9-73734C6F68C5}"
EndProject
Project("{2150E333-8FDC-42A3-9474-1A3956D46DE8}") = "Clients", "Clients", "{00B920E4-100F-D869-D8B1-04B3A2ED45DA}"
EndProject
Project("{FAE04EC0-301F-11D3-BF4B-00C04F79EFBC}") = "QuizFuzz.Shared", "src\Clients\QuizFuzz.Shared\QuizFuzz.Shared.csproj", "{6C20ABAB-23C5-44FB-8D19-D1B24D8E8D76}"
EndProject
Project("{FAE04EC0-301F-11D3-BF4B-00C04F79EFBC}") = "QuizFuzz.Client", "src\Clients\QuizFuzz.Client\QuizFuzz.Client.csproj", "{F32FE87F-9985-403C-BE36-B7EA8B3F8C51}"
EndProject
Project("{2150E333-8FDC-42A3-9474-1A3956D46DE8}") = "tests", "tests", "{0AB3BF05-4346-4AA6-1389-037BE0695223}"
EndProject
Project("{2150E333-8FDC-42A3-9474-1A3956D46DE8}") = "Unit", "Unit", "{9D556B49-86D1-93A7-9596-FFAAB74EC556}"
EndProject
Project("{FAE04EC0-301F-11D3-BF4B-00C04F79EFBC}") = "QuizFuzz.Domain.Tests", "tests\Unit\QuizFuzz.Domain.Tests\QuizFuzz.Domain.Tests.csproj", "{BADD6E94-B28A-4A9B-8386-F831729A9D71}"
EndProject
Project("{FAE04EC0-301F-11D3-BF4B-00C04F79EFBC}") = "QuizFuzz.Application.Tests", "tests\Unit\QuizFuzz.Application.Tests\QuizFuzz.Application.Tests.csproj", "{D86AB795-2CF7-466A-9717-100649955B5A}"
EndProject
Project("{2150E333-8FDC-42A3-9474-1A3956D46DE8}") = "Integration", "Integration", "{28A6993C-471E-82FE-7D9E-AD3B1EC22BD9}"
EndProject
Project("{FAE04EC0-301F-11D3-BF4B-00C04F79EFBC}") = "QuizFuzz.Integration.Tests", "tests\Integration\QuizFuzz.Integration.Tests\QuizFuzz.Integration.Tests.csproj", "{0DDCA542-F425-471C-AF36-43E0006145AE}"
EndProject
Global
	GlobalSection(SolutionConfigurationPlatforms) = preSolution
		Debug|Any CPU = Debug|Any CPU
		Debug|x64 = Debug|x64
		Debug|x86 = Debug|x86
		Release|Any CPU = Release|Any CPU
		Release|x64 = Release|x64
		Release|x86 = Release|x86
	EndGlobalSection
	GlobalSection(ProjectConfigurationPlatforms) = postSolution
		{9A52344D-CB55-4E20-B726-3BAC644F57CE}.Debug|Any CPU.ActiveCfg = Debug|Any CPU
		{9A52344D-CB55-4E20-B726-3BAC644F57CE}.Debug|Any CPU.Build.0 = Debug|Any CPU
		{9A52344D-CB55-4E20-B726-3BAC644F57CE}.Debug|x64.ActiveCfg = Debug|Any CPU
		{9A52344D-CB55-4E20-B726-3BAC644F57CE}.Debug|x64.Build.0 = Debug|Any CPU
		{9A52344D-CB55-4E20-B726-3BAC644F57CE}.Debug|x86.ActiveCfg = Debug|Any CPU
		{9A52344D-CB55-4E20-B726-3BAC644F57CE}.Debug|x86.Build.0 = Debug|Any CPU
		{9A52344D-CB55-4E20-B726-3BAC644F57CE}.Release|Any CPU.ActiveCfg = Release|Any CPU
		{9A52344D-CB55-4E20-B726-3BAC644F57CE}.Release|Any CPU.Build.0 = Release|Any CPU
		{9A52344D-CB55-4E20-B726-3BAC644F57CE}.Release|x64.ActiveCfg = Release|Any CPU
		{9A52344D-CB55-4E20-B726-3BAC644F57CE}.Release|x64.Build.0 = Release|Any CPU
		{9A52344D-CB55-4E20-B726-3BAC644F57CE}.Release|x86.ActiveCfg = Release|Any CPU
		{9A52344D-CB55-4E20-B726-3BAC644F57CE}.Release|x86.Build.0 = Release|Any CPU
		{D1BC0910-62AF-4A2B-9B6B-565B541A5F12}.Debug|Any CPU.ActiveCfg = Debug|Any CPU
		{D1BC0910-62AF-4A2B-9B6B-565B541A5F12}.Debug|Any CPU.Build.0 = Debug|Any CPU
		{D1BC0910-62AF-4A2B-9B6B-565B541A5F12}.Debug|x64.ActiveCfg = Debug|Any CPU
		{D1BC0910-62AF-4A2B-9B6B-565B541A5F12}.Debug|x64.Build.0 = Debug|Any CPU
		{D1BC0910-62AF-4A2B-9B6B-565B541A5F12}.Debug|x86.ActiveCfg = Debug|Any CPU
		{D1BC0910-62AF-4A2B-9B6B-565B541A5F12}.Debug|x86.Build.0 = Debug|Any CPU
		{D1BC0910-62AF-4A2B-9B6B-565B541A5F12}.Release|Any CPU.ActiveCfg = Release|Any CPU
		{D1BC0910-62AF-4A2B-9B6B-565B541A5F12}.Release|Any CPU.Build.0 = Release|Any CPU
		{D1BC0910-62AF-4A2B-9B6B-565B541A5F12}.Release|x64.ActiveCfg = Release|Any CPU
		{D1BC0910-62AF-4A2B-9B6B-565B541A5F12}.Release|x64.Build.0 = Release|Any CPU
		{D1BC0910-62AF-4A2B-9B6B-565B541A5F12}.Release|x86.ActiveCfg = Release|Any CPU
		{D1BC0910-62AF-4A2B-9B6B-565B541A5F12}.Release|x86.Build.0 = Release|Any CPU
		{05A24DF7-020A-4DB0-A87B-C92B932E33EC}.Debug|Any CPU.ActiveCfg = Debug|Any CPU
		{05A24DF7-020A-4DB0-A87B-C92B932E33EC}.Debug|Any CPU.Build.0 = Debug|Any CPU
		{05A24DF7-020A-4DB0-A87B-C92B932E33EC}.Debug|x64.ActiveCfg = Debug|Any CPU
		{05A24DF7-020A-4DB0-A87B-C92B932E33EC}.Debug|x64.Build.0 = Debug|Any CPU
		{05A24DF7-020A-4DB0-A87B-C92B932E33EC}.Debug|x86.ActiveCfg = Debug|Any CPU
		{05A24DF7-020A-4DB0-A87B-C92B932E33EC}.Debug|x86.Build.0 = Debug|Any CPU
		{05A24DF7-020A-4DB0-A87B-C92B932E33EC}.Release|Any CPU.ActiveCfg = Release|Any CPU
		{05A24DF7-020A-4DB0-A87B-C92B932E33EC}.Release|Any CPU.Build.0 = Release|Any CPU
		{05A24DF7-020A-4DB0-A87B-C92B932E33EC}.Release|x64.ActiveCfg = Release|Any CPU
		{05A24DF7-020A-4DB0-A87B-C92B932E33EC}.Release|x64.Build.0 = Release|Any CPU
		{05A24DF7-020A-4DB0-A87B-C92B932E33EC}.Release|x86.ActiveCfg = Release|Any CPU
		{05A24DF7-020A-4DB0-A87B-C92B932E33EC}.Release|x86.Build.0 = Release|Any CPU
		{642745CA-42AC-4975-B6B9-73734C6F68C5}.Debug|Any CPU.ActiveCfg = Debug|Any CPU
		{642745CA-42AC-4975-B6B9-73734C6F68C5}.Debug|Any CPU.Build.0 = Debug|Any CPU
		{642745CA-42AC-4975-B6B9-73734C6F68C5}.Debug|x64.ActiveCfg = Debug|Any CPU
		{642745CA-42AC-4975-B6B9-73734C6F68C5}.Debug|x64.Build.0 = Debug|Any CPU
		{642745CA-42AC-4975-B6B9-73734C6F68C5}.Debug|x86.ActiveCfg = Debug|Any CPU
		{642745CA-42AC-4975-B6B9-73734C6F68C5}.Debug|x86.Build.0 = Debug|Any CPU
		{642745CA-42AC-4975-B6B9-73734C6F68C5}.Release|Any CPU.ActiveCfg = Release|Any CPU
		{642745CA-42AC-4975-B6B9-73734C6F68C5}.Release|Any CPU.Build.0 = Release|Any CPU
		{642745CA-42AC-4975-B6B9-73734C6F68C5}.Release|x64.ActiveCfg = Release|Any CPU
		{642745CA-42AC-4975-B6B9-73734C6F68C5}.Release|x64.Build.0 = Release|Any CPU
		{642745CA-42AC-4975-B6B9-73734C6F68C5}.Release|x86.ActiveCfg = Release|Any CPU
		{642745CA-42AC-4975-B6B9-73734C6F68C5}.Release|x86.Build.0 = Release|Any CPU
		{6C20ABAB-23C5-44FB-8D19-D1B24D8E8D76}.Debug|Any CPU.ActiveCfg = Debug|Any CPU
		{6C20ABAB-23C5-44FB-8D19-D1B24D8E8D76}.Debug|Any CPU.Build.0 = Debug|Any CPU
		{6C20ABAB-23C5-44FB-8D19-D1B24D8E8D76}.Debug|x64.ActiveCfg = Debug|Any CPU
		{6C20ABAB-23C5-44FB-8D19-D1B24D8E8D76}.Debug|x64.Build.0 = Debug|Any CPU
		{6C20ABAB-23C5-44FB-8D19-D1B24D8E8D76}.Debug|x86.ActiveCfg = Debug|Any CPU
		{6C20ABAB-23C5-44FB-8D19-D1B24D8E8D76}.Debug|x86.Build.0 = Debug|Any CPU
		{6C20ABAB-23C5-44FB-8D19-D1B24D8E8D76}.Release|Any CPU.ActiveCfg = Release|Any CPU
		{6C20ABAB-23C5-44FB-8D19-D1B24D8E8D76}.Release|Any CPU.Build.0 = Release|Any CPU
		{6C20ABAB-23C5-44FB-8D19-D1B24D8E8D76}.Release|x64.ActiveCfg = Release|Any CPU
		{6C20ABAB-23C5-44FB-8D19-D1B24D8E8D76}.Release|x64.Build.0 = Release|Any CPU
		{6C20ABAB-23C5-44FB-8D19-D1B24D8E8D76}.Release|x86.ActiveCfg = Release|Any CPU
		{6C20ABAB-23C5-44FB-8D19-D1B24D8E8D76}.Release|x86.Build.0 = Release|Any CPU
		{F32FE87F-9985-403C-BE36-B7EA8B3F8C51}.Debug|Any CPU.ActiveCfg = Debug|Any CPU
		{F32FE87F-9985-403C-BE36-B7EA8B3F8C51}.Debug|Any CPU.Build.0 = Debug|Any CPU
		{F32FE87F-9985-403C-BE36-B7EA8B3F8C51}.Debug|x64.ActiveCfg = Debug|Any CPU
		{F32FE87F-9985-403C-BE36-B7EA8B3F8C51}.Debug|x64.Build.0 = Debug|Any CPU
		{F32FE87F-9985-403C-BE36-B7EA8B3F8C51}.Debug|x86.ActiveCfg = Debug|Any CPU
		{F32FE87F-9985-403C-BE36-B7EA8B3F8C51}.Debug|x86.Build.0 = Debug|Any CPU
		{F32FE87F-9985-403C-BE36-B7EA8B3F8C51}.Release|Any CPU.ActiveCfg = Release|Any CPU
		{F32FE87F-9985-403C-BE36-B7EA8B3F8C51}.Release|Any CPU.Build.0 = Release|Any CPU
		{F32FE87F-9985-403C-BE36-B7EA8B3F8C51}.Release|x64.ActiveCfg = Release|Any CPU
		{F32FE87F-9985-403C-BE36-B7EA8B3F8C51}.Release|x64.Build.0 = Release|Any CPU
		{F32FE87F-9985-403C-BE36-B7EA8B3F8C51}.Release|x86.ActiveCfg = Release|Any CPU
		{F32FE87F-9985-403C-BE36-B7EA8B3F8C51}.Release|x86.Build.0 = Release|Any CPU
		{BADD6E94-B28A-4A9B-8386-F831729A9D71}.Debug|Any CPU.ActiveCfg = Debug|Any CPU
		{BADD6E94-B28A-4A9B-8386-F831729A9D71}.Debug|Any CPU.Build.0 = Debug|Any CPU
		{BADD6E94-B28A-4A9B-8386-F831729A9D71}.Debug|x64.ActiveCfg = Debug|Any CPU
		{BADD6E94-B28A-4A9B-8386-F831729A9D71}.Debug|x64.Build.0 = Debug|Any CPU
		{BADD6E94-B28A-4A9B-8386-F831729A9D71}.Debug|x86.ActiveCfg = Debug|Any CPU
		{BADD6E94-B28A-4A9B-8386-F831729A9D71}.Debug|x86.Build.0 = Debug|Any CPU
		{BADD6E94-B28A-4A9B-8386-F831729A9D71}.Release|Any CPU.ActiveCfg = Release|Any CPU
		{BADD6E94-B28A-4A9B-8386-F831729A9D71}.Release|Any CPU.Build.0 = Release|Any CPU
		{BADD6E94-B28A-4A9B-8386-F831729A9D71}.Release|x64.ActiveCfg = Release|Any CPU
		{BADD6E94-B28A-4A9B-8386-F831729A9D71}.Release|x64.Build.0 = Release|Any CPU
		{BADD6E94-B28A-4A9B-8386-F831729A9D71}.Release|x86.ActiveCfg = Release|Any CPU
		{BADD6E94-B28A-4A9B-8386-F831729A9D71}.Release|x86.Build.0 = Release|Any CPU
		{D86AB795-2CF7-466A-9717-100649955B5A}.Debug|Any CPU.ActiveCfg = Debug|Any CPU
		{D86AB795-2CF7-466A-9717-100649955B5A}.Debug|Any CPU.Build.0 = Debug|Any CPU
		{D86AB795-2CF7-466A-9717-100649955B5A}.Debug|x64.ActiveCfg = Debug|Any CPU
		{D86AB795-2CF7-466A-9717-100649955B5A}.Debug|x64.Build.0 = Debug|Any CPU
		{D86AB795-2CF7-466A-9717-100649955B5A}.Debug|x86.ActiveCfg = Debug|Any CPU
		{D86AB795-2CF7-466A-9717-100649955B5A}.Debug|x86.Build.0 = Debug|Any CPU
		{D86AB795-2CF7-466A-9717-100649955B5A}.Release|Any CPU.ActiveCfg = Release|Any CPU
		{D86AB795-2CF7-466A-9717-100649955B5A}.Release|Any CPU.Build.0 = Release|Any CPU
		{D86AB795-2CF7-466A-9717-100649955B5A}.Release|x64.ActiveCfg = Release|Any CPU
		{D86AB795-2CF7-466A-9717-100649955B5A}.Release|x64.Build.0 = Release|Any CPU
		{D86AB795-2CF7-466A-9717-100649955B5A}.Release|x86.ActiveCfg = Release|Any CPU
		{D86AB795-2CF7-466A-9717-100649955B5A}.Release|x86.Build.0 = Release|Any CPU
		{0DDCA542-F425-471C-AF36-43E0006145AE}.Debug|Any CPU.ActiveCfg = Debug|Any CPU
		{0DDCA542-F425-471C-AF36-43E0006145AE}.Debug|Any CPU.Build.0 = Debug|Any CPU
		{0DDCA542-F425-471C-AF36-43E0006145AE}.Debug|x64.ActiveCfg = Debug|Any CPU
		{0DDCA542-F425-471C-AF36-43E0006145AE}.Debug|x64.Build.0 = Debug|Any CPU
		{0DDCA542-F425-471C-AF36-43E0006145AE}.Debug|x86.ActiveCfg = Debug|Any CPU
		{0DDCA542-F425-471C-AF36-43E0006145AE}.Debug|x86.Build.0 = Debug|Any CPU
		{0DDCA542-F425-471C-AF36-43E0006145AE}.Release|Any CPU.ActiveCfg = Release|Any CPU
		{0DDCA542-F425-471C-AF36-43E0006145AE}.Release|Any CPU.Build.0 = Release|Any CPU
		{0DDCA542-F425-471C-AF36-43E0006145AE}.Release|x64.ActiveCfg = Release|Any CPU
		{0DDCA542-F425-471C-AF36-43E0006145AE}.Release|x64.Build.0 = Release|Any CPU
		{0DDCA542-F425-471C-AF36-43E0006145AE}.Release|x86.ActiveCfg = Release|Any CPU
		{0DDCA542-F425-471C-AF36-43E0006145AE}.Release|x86.Build.0 = Release|Any CPU
	EndGlobalSection
	GlobalSection(SolutionProperties) = preSolution
		HideSolutionNode = FALSE
	EndGlobalSection
	GlobalSection(NestedProjects) = preSolution
		{8D626EA8-CB54-BC41-363A-217881BEBA6E} = {827E0CD3-B72D-47B6-A68D-7590B98EB39B}
		{9A52344D-CB55-4E20-B726-3BAC644F57CE} = {8D626EA8-CB54-BC41-363A-217881BEBA6E}
		{D1BC0910-62AF-4A2B-9B6B-565B541A5F12} = {8D626EA8-CB54-BC41-363A-217881BEBA6E}
		{9048EB7F-3875-A59E-E36B-5BD4C6F2A282} = {827E0CD3-B72D-47B6-A68D-7590B98EB39B}
		{05A24DF7-020A-4DB0-A87B-C92B932E33EC} = {9048EB7F-3875-A59E-E36B-5BD4C6F2A282}
		{03997797-E7F5-0643-168D-B8EA7178C2FE} = {827E0CD3-B72D-47B6-A68D-7590B98EB39B}
		{642745CA-42AC-4975-B6B9-73734C6F68C5} = {03997797-E7F5-0643-168D-B8EA7178C2FE}
		{00B920E4-100F-D869-D8B1-04B3A2ED45DA} = {827E0CD3-B72D-47B6-A68D-7590B98EB39B}
		{6C20ABAB-23C5-44FB-8D19-D1B24D8E8D76} = {00B920E4-100F-D869-D8B1-04B3A2ED45DA}
		{F32FE87F-9985-403C-BE36-B7EA8B3F8C51} = {00B920E4-100F-D869-D8B1-04B3A2ED45DA}
		{9D556B49-86D1-93A7-9596-FFAAB74EC556} = {0AB3BF05-4346-4AA6-1389-037BE0695223}
		{BADD6E94-B28A-4A9B-8386-F831729A9D71} = {9D556B49-86D1-93A7-9596-FFAAB74EC556}
		{D86AB795-2CF7-466A-9717-100649955B5A} = {9D556B49-86D1-93A7-9596-FFAAB74EC556}
		{28A6993C-471E-82FE-7D9E-AD3B1EC22BD9} = {0AB3BF05-4346-4AA6-1389-037BE0695223}
		{0DDCA542-F425-471C-AF36-43E0006145AE} = {28A6993C-471E-82FE-7D9E-AD3B1EC22BD9}
	EndGlobalSection
EndGlobal
